
Microsoft Visual Studio Solution File, Format Version 12.00
# Visual Studio Version 16
VisualStudioVersion = 16.0.30611.23
MinimumVisualStudioVersion = 10.0.40219.1
Project("{FAE04EC0-301F-11D3-BF4B-00C04F79EFBC}") = "ACM.BL", "ACM.BL\ACM.BL.csproj", "{551FD244-EDA4-4837-B632-AFE5E9639D28}"
EndProject
Project("{2150E333-8FDC-42A3-9474-1A3956D46DE8}") = "Tests", "Tests", "{19310CA5-066D-4EF3-AFFC-B6E2E6B2A810}"
EndProject
Project("{FAE04EC0-301F-11D3-BF4B-00C04F79EFBC}") = "ACM.BLTEST", "TEST\ACM.BLTEST\ACM.BLTEST.csproj", "{41B62746-CB31-4B93-A37E-D7C62A314D3F}"
EndProject
Project("{FAE04EC0-301F-11D3-BF4B-00C04F79EFBC}") = "Acme.Common", "Acme.Common\Acme.Common.csproj", "{2BA89BEE-80FD-4D3F-9F67-16ED1A22F5E1}"
EndProject
Project("{FAE04EC0-301F-11D3-BF4B-00C04F79EFBC}") = "Acme.CommonTest", "Acme.CommonTest\Acme.CommonTest.csproj", "{6069E99F-44CA-460A-925B-BF3B74FACC72}"
EndProject
Global
	GlobalSection(SolutionConfigurationPlatforms) = preSolution
		Debug|Any CPU = Debug|Any CPU
		Release|Any CPU = Release|Any CPU
	EndGlobalSection
	GlobalSection(ProjectConfigurationPlatforms) = postSolution
		{551FD244-EDA4-4837-B632-AFE5E9639D28}.Debug|Any CPU.ActiveCfg = Debug|Any CPU
		{551FD244-EDA4-4837-B632-AFE5E9639D28}.Debug|Any CPU.Build.0 = Debug|Any CPU
		{551FD244-EDA4-4837-B632-AFE5E9639D28}.Release|Any CPU.ActiveCfg = Release|Any CPU
		{551FD244-EDA4-4837-B632-AFE5E9639D28}.Release|Any CPU.Build.0 = Release|Any CPU
		{41B62746-CB31-4B93-A37E-D7C62A314D3F}.Debug|Any CPU.ActiveCfg = Debug|Any CPU
		{41B62746-CB31-4B93-A37E-D7C62A314D3F}.Debug|Any CPU.Build.0 = Debug|Any CPU
		{41B62746-CB31-4B93-A37E-D7C62A314D3F}.Release|Any CPU.ActiveCfg = Release|Any CPU
		{41B62746-CB31-4B93-A37E-D7C62A314D3F}.Release|Any CPU.Build.0 = Release|Any CPU
		{2BA89BEE-80FD-4D3F-9F67-16ED1A22F5E1}.Debug|Any CPU.ActiveCfg = Debug|Any CPU
		{2BA89BEE-80FD-4D3F-9F67-16ED1A22F5E1}.Debug|Any CPU.Build.0 = Debug|Any CPU
		{2BA89BEE-80FD-4D3F-9F67-16ED1A22F5E1}.Release|Any CPU.ActiveCfg = Release|Any CPU
		{2BA89BEE-80FD-4D3F-9F67-16ED1A22F5E1}.Release|Any CPU.Build.0 = Release|Any CPU
		{6069E99F-44CA-460A-925B-BF3B74FACC72}.Debug|Any CPU.ActiveCfg = Debug|Any CPU
		{6069E99F-44CA-460A-925B-BF3B74FACC72}.Debug|Any CPU.Build.0 = Debug|Any CPU
		{6069E99F-44CA-460A-925B-BF3B74FACC72}.Release|Any CPU.ActiveCfg = Release|Any CPU
		{6069E99F-44CA-460A-925B-BF3B74FACC72}.Release|Any CPU.Build.0 = Release|Any CPU
	EndGlobalSection
	GlobalSection(SolutionProperties) = preSolution
		HideSolutionNode = FALSE
	EndGlobalSection
	GlobalSection(NestedProjects) = preSolution
		{41B62746-CB31-4B93-A37E-D7C62A314D3F} = {19310CA5-066D-4EF3-AFFC-B6E2E6B2A810}
		{6069E99F-44CA-460A-925B-BF3B74FACC72} = {19310CA5-066D-4EF3-AFFC-B6E2E6B2A810}
	EndGlobalSection
	GlobalSection(ExtensibilityGlobals) = postSolution
		SolutionGuid = {5828FCFB-EDA4-4883-ACB5-1F96C3590B6F}
	EndGlobalSection
EndGlobal
